
Microsoft Visual Studio Solution File, Format Version 12.00
# Visual Studio 14
VisualStudioVersion = 14.0.25420.1
MinimumVisualStudioVersion = 10.0.40219.1
Project("{FAE04EC0-301F-11D3-BF4B-00C04F79EFBC}") = "Application.Model", "Application.Model\Application.Model.csproj", "{AD9B2B63-E172-4C7E-A565-750E56D959E6}"
EndProject
Project("{FAE04EC0-301F-11D3-BF4B-00C04F79EFBC}") = "Application.DAL.Abstract", "Application.DAL.Abstract\Application.DAL.Abstract.csproj", "{4D6990E0-7BC7-4FA1-A3F6-CD5DD6E8FC14}"
EndProject
Project("{FAE04EC0-301F-11D3-BF4B-00C04F79EFBC}") = "Application.DAL.Concrete", "Application.DAL.Concrete\Application.DAL.Concrete.csproj", "{2FBC8365-437E-4D99-9698-D955E9FC88E2}"
EndProject
Project("{FAE04EC0-301F-11D3-BF4B-00C04F79EFBC}") = "Application.Service", "Application.Service\Application.Service.csproj", "{65B9C5A5-1DF4-4434-8B4A-73248FAA27D5}"
EndProject
Project("{FAE04EC0-301F-11D3-BF4B-00C04F79EFBC}") = "Application.ViewModels", "Application.ViewModels\Application.ViewModels.csproj", "{3B7B9DBB-480E-4D1F-9882-2AECDFC377AD}"
EndProject
Project("{FAE04EC0-301F-11D3-BF4B-00C04F79EFBC}") = "Appplication.Api", "Appplication.Api\Appplication.Api.csproj", "{DAEF53B9-5AA0-4CDF-89C6-68F1CF7ED6A6}"
EndProject
Project("{FAE04EC0-301F-11D3-BF4B-00C04F79EFBC}") = "Application.Dtos", "Application.Dtos\Application.Dtos.csproj", "{2336E63F-8DFF-49B6-BA30-2A8A5444D440}"
EndProject
Global
	GlobalSection(SolutionConfigurationPlatforms) = preSolution
		Debug|Any CPU = Debug|Any CPU
		Release|Any CPU = Release|Any CPU
	EndGlobalSection
	GlobalSection(ProjectConfigurationPlatforms) = postSolution
		{AD9B2B63-E172-4C7E-A565-750E56D959E6}.Debug|Any CPU.ActiveCfg = Debug|Any CPU
		{AD9B2B63-E172-4C7E-A565-750E56D959E6}.Debug|Any CPU.Build.0 = Debug|Any CPU
		{AD9B2B63-E172-4C7E-A565-750E56D959E6}.Release|Any CPU.ActiveCfg = Release|Any CPU
		{AD9B2B63-E172-4C7E-A565-750E56D959E6}.Release|Any CPU.Build.0 = Release|Any CPU
		{4D6990E0-7BC7-4FA1-A3F6-CD5DD6E8FC14}.Debug|Any CPU.ActiveCfg = Debug|Any CPU
		{4D6990E0-7BC7-4FA1-A3F6-CD5DD6E8FC14}.Debug|Any CPU.Build.0 = Debug|Any CPU
		{4D6990E0-7BC7-4FA1-A3F6-CD5DD6E8FC14}.Release|Any CPU.ActiveCfg = Release|Any CPU
		{4D6990E0-7BC7-4FA1-A3F6-CD5DD6E8FC14}.Release|Any CPU.Build.0 = Release|Any CPU
		{2FBC8365-437E-4D99-9698-D955E9FC88E2}.Debug|Any CPU.ActiveCfg = Debug|Any CPU
		{2FBC8365-437E-4D99-9698-D955E9FC88E2}.Debug|Any CPU.Build.0 = Debug|Any CPU
		{2FBC8365-437E-4D99-9698-D955E9FC88E2}.Release|Any CPU.ActiveCfg = Release|Any CPU
		{2FBC8365-437E-4D99-9698-D955E9FC88E2}.Release|Any CPU.Build.0 = Release|Any CPU
		{65B9C5A5-1DF4-4434-8B4A-73248FAA27D5}.Debug|Any CPU.ActiveCfg = Debug|Any CPU
		{65B9C5A5-1DF4-4434-8B4A-73248FAA27D5}.Debug|Any CPU.Build.0 = Debug|Any CPU
		{65B9C5A5-1DF4-4434-8B4A-73248FAA27D5}.Release|Any CPU.ActiveCfg = Release|Any CPU
		{65B9C5A5-1DF4-4434-8B4A-73248FAA27D5}.Release|Any CPU.Build.0 = Release|Any CPU
		{3B7B9DBB-480E-4D1F-9882-2AECDFC377AD}.Debug|Any CPU.ActiveCfg = Debug|Any CPU
		{3B7B9DBB-480E-4D1F-9882-2AECDFC377AD}.Debug|Any CPU.Build.0 = Debug|Any CPU
		{3B7B9DBB-480E-4D1F-9882-2AECDFC377AD}.Release|Any CPU.ActiveCfg = Release|Any CPU
		{3B7B9DBB-480E-4D1F-9882-2AECDFC377AD}.Release|Any CPU.Build.0 = Release|Any CPU
		{DAEF53B9-5AA0-4CDF-89C6-68F1CF7ED6A6}.Debug|Any CPU.ActiveCfg = Debug|Any CPU
		{DAEF53B9-5AA0-4CDF-89C6-68F1CF7ED6A6}.Debug|Any CPU.Build.0 = Debug|Any CPU
		{DAEF53B9-5AA0-4CDF-89C6-68F1CF7ED6A6}.Release|Any CPU.ActiveCfg = Release|Any CPU
		{DAEF53B9-5AA0-4CDF-89C6-68F1CF7ED6A6}.Release|Any CPU.Build.0 = Release|Any CPU
		{2336E63F-8DFF-49B6-BA30-2A8A5444D440}.Debug|Any CPU.ActiveCfg = Debug|Any CPU
		{2336E63F-8DFF-49B6-BA30-2A8A5444D440}.Debug|Any CPU.Build.0 = Debug|Any CPU
		{2336E63F-8DFF-49B6-BA30-2A8A5444D440}.Release|Any CPU.ActiveCfg = Release|Any CPU
		{2336E63F-8DFF-49B6-BA30-2A8A5444D440}.Release|Any CPU.Build.0 = Release|Any CPU
	EndGlobalSection
	GlobalSection(SolutionProperties) = preSolution
		HideSolutionNode = FALSE
	EndGlobalSection
EndGlobal
